// !$*UTF8*$!
{
	archiveVersion = 1;
	classes = {
	};
	objectVersion = 56;
	objects = {

/* Begin PBXBuildFile section */
		CA2503AA2C8F9ECF000ED2DD /* CounterApp.swift in Sources */ = {isa = PBXBuildFile; fileRef = CA2503A92C8F9ECF000ED2DD /* CounterApp.swift */; };
		CA2503AE2C8F9ED0000ED2DD /* Assets.xcassets in Resources */ = {isa = PBXBuildFile; fileRef = CA2503AD2C8F9ED0000ED2DD /* Assets.xcassets */; };
		CA2503B12C8F9ED0000ED2DD /* Preview Assets.xcassets in Resources */ = {isa = PBXBuildFile; fileRef = CA2503B02C8F9ED0000ED2DD /* Preview Assets.xcassets */; };
		CA2503BB2C8F9ED1000ED2DD /* CounterTests.swift in Sources */ = {isa = PBXBuildFile; fileRef = CA2503BA2C8F9ED1000ED2DD /* CounterTests.swift */; };
		CA2503C52C8F9ED1000ED2DD /* CounterUITests.swift in Sources */ = {isa = PBXBuildFile; fileRef = CA2503C42C8F9ED1000ED2DD /* CounterUITests.swift */; };
		CA2503C72C8F9ED1000ED2DD /* CounterUITestsLaunchTests.swift in Sources */ = {isa = PBXBuildFile; fileRef = CA2503C62C8F9ED1000ED2DD /* CounterUITestsLaunchTests.swift */; };
		CA44A6442C8FA92400E2BC41 /* CounterFeature.swift in Sources */ = {isa = PBXBuildFile; fileRef = CA44A6432C8FA92400E2BC41 /* CounterFeature.swift */; };
		CA44A6472C8FA9AF00E2BC41 /* ComposableArchitecture in Frameworks */ = {isa = PBXBuildFile; productRef = CA44A6462C8FA9AF00E2BC41 /* ComposableArchitecture */; };
		CA4ED8292C8FB661008BD101 /* CounterView.swift in Sources */ = {isa = PBXBuildFile; fileRef = CA4ED8282C8FB661008BD101 /* CounterView.swift */; };
		CA4ED82C2C9106AC008BD101 /* CounterFeatureTests.swift in Sources */ = {isa = PBXBuildFile; fileRef = CA4ED82B2C9106AC008BD101 /* CounterFeatureTests.swift */; };
		CA4ED82E2C911623008BD101 /* NumberFactClient.swift in Sources */ = {isa = PBXBuildFile; fileRef = CA4ED82D2C911623008BD101 /* NumberFactClient.swift */; };
		CA4ED8322C925714008BD101 /* AppView.swift in Sources */ = {isa = PBXBuildFile; fileRef = CA4ED8312C925714008BD101 /* AppView.swift */; };
		CA4ED8342C9257E6008BD101 /* AppFeature.swift in Sources */ = {isa = PBXBuildFile; fileRef = CA4ED8332C9257E6008BD101 /* AppFeature.swift */; };
		CA4ED8362C9259D5008BD101 /* AppFeatureTests.swift in Sources */ = {isa = PBXBuildFile; fileRef = CA4ED8352C9259D5008BD101 /* AppFeatureTests.swift */; };
/* End PBXBuildFile section */

/* Begin PBXContainerItemProxy section */
		CA2503B72C8F9ED1000ED2DD /* PBXContainerItemProxy */ = {
			isa = PBXContainerItemProxy;
			containerPortal = CA25039E2C8F9ECF000ED2DD /* Project object */;
			proxyType = 1;
			remoteGlobalIDString = CA2503A52C8F9ECF000ED2DD;
			remoteInfo = Counter;
		};
		CA2503C12C8F9ED1000ED2DD /* PBXContainerItemProxy */ = {
			isa = PBXContainerItemProxy;
			containerPortal = CA25039E2C8F9ECF000ED2DD /* Project object */;
			proxyType = 1;
			remoteGlobalIDString = CA2503A52C8F9ECF000ED2DD;
			remoteInfo = Counter;
		};
/* End PBXContainerItemProxy section */

/* Begin PBXFileReference section */
		CA2503A62C8F9ECF000ED2DD /* Counter.app */ = {isa = PBXFileReference; explicitFileType = wrapper.application; includeInIndex = 0; path = Counter.app; sourceTree = BUILT_PRODUCTS_DIR; };
		CA2503A92C8F9ECF000ED2DD /* CounterApp.swift */ = {isa = PBXFileReference; lastKnownFileType = sourcecode.swift; path = CounterApp.swift; sourceTree = "<group>"; };
		CA2503AD2C8F9ED0000ED2DD /* Assets.xcassets */ = {isa = PBXFileReference; lastKnownFileType = folder.assetcatalog; path = Assets.xcassets; sourceTree = "<group>"; };
		CA2503B02C8F9ED0000ED2DD /* Preview Assets.xcassets */ = {isa = PBXFileReference; lastKnownFileType = folder.assetcatalog; path = "Preview Assets.xcassets"; sourceTree = "<group>"; };
		CA2503B62C8F9ED1000ED2DD /* CounterTests.xctest */ = {isa = PBXFileReference; explicitFileType = wrapper.cfbundle; includeInIndex = 0; path = CounterTests.xctest; sourceTree = BUILT_PRODUCTS_DIR; };
		CA2503BA2C8F9ED1000ED2DD /* CounterTests.swift */ = {isa = PBXFileReference; lastKnownFileType = sourcecode.swift; path = CounterTests.swift; sourceTree = "<group>"; };
		CA2503C02C8F9ED1000ED2DD /* CounterUITests.xctest */ = {isa = PBXFileReference; explicitFileType = wrapper.cfbundle; includeInIndex = 0; path = CounterUITests.xctest; sourceTree = BUILT_PRODUCTS_DIR; };
		CA2503C42C8F9ED1000ED2DD /* CounterUITests.swift */ = {isa = PBXFileReference; lastKnownFileType = sourcecode.swift; path = CounterUITests.swift; sourceTree = "<group>"; };
		CA2503C62C8F9ED1000ED2DD /* CounterUITestsLaunchTests.swift */ = {isa = PBXFileReference; lastKnownFileType = sourcecode.swift; path = CounterUITestsLaunchTests.swift; sourceTree = "<group>"; };
		CA44A6432C8FA92400E2BC41 /* CounterFeature.swift */ = {isa = PBXFileReference; lastKnownFileType = sourcecode.swift; path = CounterFeature.swift; sourceTree = "<group>"; };
		CA4ED8282C8FB661008BD101 /* CounterView.swift */ = {isa = PBXFileReference; lastKnownFileType = sourcecode.swift; path = CounterView.swift; sourceTree = "<group>"; };
		CA4ED82A2C90FF99008BD101 /* Info.plist */ = {isa = PBXFileReference; lastKnownFileType = text.plist; path = Info.plist; sourceTree = "<group>"; };
		CA4ED82B2C9106AC008BD101 /* CounterFeatureTests.swift */ = {isa = PBXFileReference; lastKnownFileType = sourcecode.swift; path = CounterFeatureTests.swift; sourceTree = "<group>"; };
		CA4ED82D2C911623008BD101 /* NumberFactClient.swift */ = {isa = PBXFileReference; lastKnownFileType = sourcecode.swift; path = NumberFactClient.swift; sourceTree = "<group>"; };
		CA4ED8312C925714008BD101 /* AppView.swift */ = {isa = PBXFileReference; lastKnownFileType = sourcecode.swift; path = AppView.swift; sourceTree = "<group>"; };
		CA4ED8332C9257E6008BD101 /* AppFeature.swift */ = {isa = PBXFileReference; lastKnownFileType = sourcecode.swift; path = AppFeature.swift; sourceTree = "<group>"; };
		CA4ED8352C9259D5008BD101 /* AppFeatureTests.swift */ = {isa = PBXFileReference; lastKnownFileType = sourcecode.swift; path = AppFeatureTests.swift; sourceTree = "<group>"; };
/* End PBXFileReference section */

/* Begin PBXFrameworksBuildPhase section */
		CA2503A32C8F9ECF000ED2DD /* Frameworks */ = {
			isa = PBXFrameworksBuildPhase;
			buildActionMask = 2147483647;
			files = (
				CA44A6472C8FA9AF00E2BC41 /* ComposableArchitecture in Frameworks */,
			);
			runOnlyForDeploymentPostprocessing = 0;
		};
		CA2503B32C8F9ED1000ED2DD /* Frameworks */ = {
			isa = PBXFrameworksBuildPhase;
			buildActionMask = 2147483647;
			files = (
			);
			runOnlyForDeploymentPostprocessing = 0;
		};
		CA2503BD2C8F9ED1000ED2DD /* Frameworks */ = {
			isa = PBXFrameworksBuildPhase;
			buildActionMask = 2147483647;
			files = (
			);
			runOnlyForDeploymentPostprocessing = 0;
		};
/* End PBXFrameworksBuildPhase section */

/* Begin PBXGroup section */
		CA25039D2C8F9ECF000ED2DD = {
			isa = PBXGroup;
			children = (
				CA2503A82C8F9ECF000ED2DD /* Counter */,
				CA2503B92C8F9ED1000ED2DD /* CounterTests */,
				CA2503C32C8F9ED1000ED2DD /* CounterUITests */,
				CA2503A72C8F9ECF000ED2DD /* Products */,
				CA44A6452C8FA9AF00E2BC41 /* Frameworks */,
			);
			sourceTree = "<group>";
		};
		CA2503A72C8F9ECF000ED2DD /* Products */ = {
			isa = PBXGroup;
			children = (
				CA2503A62C8F9ECF000ED2DD /* Counter.app */,
				CA2503B62C8F9ED1000ED2DD /* CounterTests.xctest */,
				CA2503C02C8F9ED1000ED2DD /* CounterUITests.xctest */,
			);
			name = Products;
			sourceTree = "<group>";
		};
		CA2503A82C8F9ECF000ED2DD /* Counter */ = {
			isa = PBXGroup;
			children = (
				CA4ED82A2C90FF99008BD101 /* Info.plist */,
				CA2503A92C8F9ECF000ED2DD /* CounterApp.swift */,
				CA4ED8312C925714008BD101 /* AppView.swift */,
				CA4ED8332C9257E6008BD101 /* AppFeature.swift */,
				CA4ED8282C8FB661008BD101 /* CounterView.swift */,
				CA44A6432C8FA92400E2BC41 /* CounterFeature.swift */,
				CA4ED82D2C911623008BD101 /* NumberFactClient.swift */,
				CA2503AD2C8F9ED0000ED2DD /* Assets.xcassets */,
				CA2503AF2C8F9ED0000ED2DD /* Preview Content */,
			);
			path = Counter;
			sourceTree = "<group>";
		};
		CA2503AF2C8F9ED0000ED2DD /* Preview Content */ = {
			isa = PBXGroup;
			children = (
				CA2503B02C8F9ED0000ED2DD /* Preview Assets.xcassets */,
			);
			path = "Preview Content";
			sourceTree = "<group>";
		};
		CA2503B92C8F9ED1000ED2DD /* CounterTests */ = {
			isa = PBXGroup;
			children = (
				CA4ED8352C9259D5008BD101 /* AppFeatureTests.swift */,
				CA4ED82B2C9106AC008BD101 /* CounterFeatureTests.swift */,
				CA2503BA2C8F9ED1000ED2DD /* CounterTests.swift */,
			);
			path = CounterTests;
			sourceTree = "<group>";
		};
		CA2503C32C8F9ED1000ED2DD /* CounterUITests */ = {
			isa = PBXGroup;
			children = (
				CA2503C42C8F9ED1000ED2DD /* CounterUITests.swift */,
				CA2503C62C8F9ED1000ED2DD /* CounterUITestsLaunchTests.swift */,
			);
			path = CounterUITests;
			sourceTree = "<group>";
		};
		CA44A6452C8FA9AF00E2BC41 /* Frameworks */ = {
			isa = PBXGroup;
			children = (
			);
			name = Frameworks;
			sourceTree = "<group>";
		};
/* End PBXGroup section */

/* Begin PBXNativeTarget section */
		CA2503A52C8F9ECF000ED2DD /* Counter */ = {
			isa = PBXNativeTarget;
			buildConfigurationList = CA2503CA2C8F9ED1000ED2DD /* Build configuration list for PBXNativeTarget "Counter" */;
			buildPhases = (
				CA4DB1512C8FA83700426BDC /* Fix SPM */,
				CA2503A22C8F9ECF000ED2DD /* Sources */,
				CA2503A32C8F9ECF000ED2DD /* Frameworks */,
				CA2503A42C8F9ECF000ED2DD /* Resources */,
			);
			buildRules = (
			);
			dependencies = (
			);
			name = Counter;
			packageProductDependencies = (
				CA44A6462C8FA9AF00E2BC41 /* ComposableArchitecture */,
			);
			productName = Counter;
			productReference = CA2503A62C8F9ECF000ED2DD /* Counter.app */;
			productType = "com.apple.product-type.application";
		};
		CA2503B52C8F9ED1000ED2DD /* CounterTests */ = {
			isa = PBXNativeTarget;
			buildConfigurationList = CA2503CD2C8F9ED1000ED2DD /* Build configuration list for PBXNativeTarget "CounterTests" */;
			buildPhases = (
				CA2503B22C8F9ED1000ED2DD /* Sources */,
				CA2503B32C8F9ED1000ED2DD /* Frameworks */,
				CA2503B42C8F9ED1000ED2DD /* Resources */,
			);
			buildRules = (
			);
			dependencies = (
				CA2503B82C8F9ED1000ED2DD /* PBXTargetDependency */,
			);
			name = CounterTests;
			productName = CounterTests;
			productReference = CA2503B62C8F9ED1000ED2DD /* CounterTests.xctest */;
			productType = "com.apple.product-type.bundle.unit-test";
		};
		CA2503BF2C8F9ED1000ED2DD /* CounterUITests */ = {
			isa = PBXNativeTarget;
			buildConfigurationList = CA2503D02C8F9ED1000ED2DD /* Build configuration list for PBXNativeTarget "CounterUITests" */;
			buildPhases = (
				CA2503BC2C8F9ED1000ED2DD /* Sources */,
				CA2503BD2C8F9ED1000ED2DD /* Frameworks */,
				CA2503BE2C8F9ED1000ED2DD /* Resources */,
			);
			buildRules = (
			);
			dependencies = (
				CA2503C22C8F9ED1000ED2DD /* PBXTargetDependency */,
			);
			name = CounterUITests;
			productName = CounterUITests;
			productReference = CA2503C02C8F9ED1000ED2DD /* CounterUITests.xctest */;
			productType = "com.apple.product-type.bundle.ui-testing";
		};
/* End PBXNativeTarget section */

/* Begin PBXProject section */
		CA25039E2C8F9ECF000ED2DD /* Project object */ = {
			isa = PBXProject;
			attributes = {
				BuildIndependentTargetsInParallel = 1;
				LastSwiftUpdateCheck = 1540;
				LastUpgradeCheck = 1540;
				TargetAttributes = {
					CA2503A52C8F9ECF000ED2DD = {
						CreatedOnToolsVersion = 15.4;
					};
					CA2503B52C8F9ED1000ED2DD = {
						CreatedOnToolsVersion = 15.4;
						TestTargetID = CA2503A52C8F9ECF000ED2DD;
					};
					CA2503BF2C8F9ED1000ED2DD = {
						CreatedOnToolsVersion = 15.4;
						TestTargetID = CA2503A52C8F9ECF000ED2DD;
					};
				};
			};
			buildConfigurationList = CA2503A12C8F9ECF000ED2DD /* Build configuration list for PBXProject "Counter" */;
			compatibilityVersion = "Xcode 14.0";
			developmentRegion = en;
			hasScannedForEncodings = 0;
			knownRegions = (
				en,
				Base,
			);
			mainGroup = CA25039D2C8F9ECF000ED2DD;
			packageReferences = (
				CA4DB1502C8FA80600426BDC /* XCRemoteSwiftPackageReference "swift-composable-architecture" */,
			);
			productRefGroup = CA2503A72C8F9ECF000ED2DD /* Products */;
			projectDirPath = "";
			projectRoot = "";
			targets = (
				CA2503A52C8F9ECF000ED2DD /* Counter */,
				CA2503B52C8F9ED1000ED2DD /* CounterTests */,
				CA2503BF2C8F9ED1000ED2DD /* CounterUITests */,
			);
		};
/* End PBXProject section */

/* Begin PBXResourcesBuildPhase section */
		CA2503A42C8F9ECF000ED2DD /* Resources */ = {
			isa = PBXResourcesBuildPhase;
			buildActionMask = 2147483647;
			files = (
				CA2503B12C8F9ED0000ED2DD /* Preview Assets.xcassets in Resources */,
				CA2503AE2C8F9ED0000ED2DD /* Assets.xcassets in Resources */,
			);
			runOnlyForDeploymentPostprocessing = 0;
		};
		CA2503B42C8F9ED1000ED2DD /* Resources */ = {
			isa = PBXResourcesBuildPhase;
			buildActionMask = 2147483647;
			files = (
			);
			runOnlyForDeploymentPostprocessing = 0;
		};
		CA2503BE2C8F9ED1000ED2DD /* Resources */ = {
			isa = PBXResourcesBuildPhase;
			buildActionMask = 2147483647;
			files = (
			);
			runOnlyForDeploymentPostprocessing = 0;
		};
/* End PBXResourcesBuildPhase section */

/* Begin PBXShellScriptBuildPhase section */
		CA4DB1512C8FA83700426BDC /* Fix SPM */ = {
			isa = PBXShellScriptBuildPhase;
			buildActionMask = 2147483647;
			files = (
			);
			inputFileListPaths = (
			);
			inputPaths = (
			);
			name = "Fix SPM";
			outputFileListPaths = (
			);
			outputPaths = (
			);
			runOnlyForDeploymentPostprocessing = 0;
			shellPath = /bin/sh;
			shellScript = "# Type a script or drag a script file from your workspace to insert its path.\nif [ -d \"${SYMROOT}/Release${EFFECTIVE_PLATFORM_NAME}/\" ] && [ \"${SYMROOT}/Release${EFFECTIVE_PLATFORM_NAME}/\" != \"${SYMROOT}/${CONFIGURATION}${EFFECTIVE_PLATFORM_NAME}/\" ] \nthen\n  cp -f -R \"${SYMROOT}/Release${EFFECTIVE_PLATFORM_NAME}/\" \"${SYMROOT}/${CONFIGURATION}${EFFECTIVE_PLATFORM_NAME}/\"\nfi\n";
		};
/* End PBXShellScriptBuildPhase section */

/* Begin PBXSourcesBuildPhase section */
		CA2503A22C8F9ECF000ED2DD /* Sources */ = {
			isa = PBXSourcesBuildPhase;
			buildActionMask = 2147483647;
			files = (
				CA4ED8342C9257E6008BD101 /* AppFeature.swift in Sources */,
				CA44A6442C8FA92400E2BC41 /* CounterFeature.swift in Sources */,
				CA2503AA2C8F9ECF000ED2DD /* CounterApp.swift in Sources */,
				CA4ED8292C8FB661008BD101 /* CounterView.swift in Sources */,
				CA4ED8322C925714008BD101 /* AppView.swift in Sources */,
				CA4ED82E2C911623008BD101 /* NumberFactClient.swift in Sources */,
			);
			runOnlyForDeploymentPostprocessing = 0;
		};
		CA2503B22C8F9ED1000ED2DD /* Sources */ = {
			isa = PBXSourcesBuildPhase;
			buildActionMask = 2147483647;
			files = (
				CA2503BB2C8F9ED1000ED2DD /* CounterTests.swift in Sources */,
				CA4ED82C2C9106AC008BD101 /* CounterFeatureTests.swift in Sources */,
				CA4ED8362C9259D5008BD101 /* AppFeatureTests.swift in Sources */,
			);
			runOnlyForDeploymentPostprocessing = 0;
		};
		CA2503BC2C8F9ED1000ED2DD /* Sources */ = {
			isa = PBXSourcesBuildPhase;
			buildActionMask = 2147483647;
			files = (
				CA2503C52C8F9ED1000ED2DD /* CounterUITests.swift in Sources */,
				CA2503C72C8F9ED1000ED2DD /* CounterUITestsLaunchTests.swift in Sources */,
			);
			runOnlyForDeploymentPostprocessing = 0;
		};
/* End PBXSourcesBuildPhase section */

/* Begin PBXTargetDependency section */
		CA2503B82C8F9ED1000ED2DD /* PBXTargetDependency */ = {
			isa = PBXTargetDependency;
			target = CA2503A52C8F9ECF000ED2DD /* Counter */;
			targetProxy = CA2503B72C8F9ED1000ED2DD /* PBXContainerItemProxy */;
		};
		CA2503C22C8F9ED1000ED2DD /* PBXTargetDependency */ = {
			isa = PBXTargetDependency;
			target = CA2503A52C8F9ECF000ED2DD /* Counter */;
			targetProxy = CA2503C12C8F9ED1000ED2DD /* PBXContainerItemProxy */;
		};
/* End PBXTargetDependency section */

/* Begin XCBuildConfiguration section */
		CA2503C82C8F9ED1000ED2DD /* Debug */ = {
			isa = XCBuildConfiguration;
			buildSettings = {
				ALWAYS_SEARCH_USER_PATHS = NO;
				ASSETCATALOG_COMPILER_GENERATE_SWIFT_ASSET_SYMBOL_EXTENSIONS = YES;
				CLANG_ANALYZER_NONNULL = YES;
				CLANG_ANALYZER_NUMBER_OBJECT_CONVERSION = YES_AGGRESSIVE;
				CLANG_CXX_LANGUAGE_STANDARD = "gnu++20";
				CLANG_ENABLE_MODULES = YES;
				CLANG_ENABLE_OBJC_ARC = YES;
				CLANG_ENABLE_OBJC_WEAK = YES;
				CLANG_WARN_BLOCK_CAPTURE_AUTORELEASING = YES;
				CLANG_WARN_BOOL_CONVERSION = YES;
				CLANG_WARN_COMMA = YES;
				CLANG_WARN_CONSTANT_CONVERSION = YES;
				CLANG_WARN_DEPRECATED_OBJC_IMPLEMENTATIONS = YES;
				CLANG_WARN_DIRECT_OBJC_ISA_USAGE = YES_ERROR;
				CLANG_WARN_DOCUMENTATION_COMMENTS = YES;
				CLANG_WARN_EMPTY_BODY = YES;
				CLANG_WARN_ENUM_CONVERSION = YES;
				CLANG_WARN_INFINITE_RECURSION = YES;
				CLANG_WARN_INT_CONVERSION = YES;
				CLANG_WARN_NON_LITERAL_NULL_CONVERSION = YES;
				CLANG_WARN_OBJC_IMPLICIT_RETAIN_SELF = YES;
				CLANG_WARN_OBJC_LITERAL_CONVERSION = YES;
				CLANG_WARN_OBJC_ROOT_CLASS = YES_ERROR;
				CLANG_WARN_QUOTED_INCLUDE_IN_FRAMEWORK_HEADER = YES;
				CLANG_WARN_RANGE_LOOP_ANALYSIS = YES;
				CLANG_WARN_STRICT_PROTOTYPES = YES;
				CLANG_WARN_SUSPICIOUS_MOVE = YES;
				CLANG_WARN_UNGUARDED_AVAILABILITY = YES_AGGRESSIVE;
				CLANG_WARN_UNREACHABLE_CODE = YES;
				CLANG_WARN__DUPLICATE_METHOD_MATCH = YES;
				COPY_PHASE_STRIP = NO;
				DEBUG_INFORMATION_FORMAT = dwarf;
				ENABLE_STRICT_OBJC_MSGSEND = YES;
				ENABLE_TESTABILITY = YES;
				ENABLE_USER_SCRIPT_SANDBOXING = YES;
				GCC_C_LANGUAGE_STANDARD = gnu17;
				GCC_DYNAMIC_NO_PIC = NO;
				GCC_NO_COMMON_BLOCKS = YES;
				GCC_OPTIMIZATION_LEVEL = 0;
				GCC_PREPROCESSOR_DEFINITIONS = (
					"DEBUG=1",
					"$(inherited)",
				);
				GCC_WARN_64_TO_32_BIT_CONVERSION = YES;
				GCC_WARN_ABOUT_RETURN_TYPE = YES_ERROR;
				GCC_WARN_UNDECLARED_SELECTOR = YES;
				GCC_WARN_UNINITIALIZED_AUTOS = YES_AGGRESSIVE;
				GCC_WARN_UNUSED_FUNCTION = YES;
				GCC_WARN_UNUSED_VARIABLE = YES;
				IPHONEOS_DEPLOYMENT_TARGET = 16.0;
				LOCALIZATION_PREFERS_STRING_CATALOGS = YES;
				MTL_ENABLE_DEBUG_INFO = INCLUDE_SOURCE;
				MTL_FAST_MATH = YES;
				ONLY_ACTIVE_ARCH = YES;
				SDKROOT = iphoneos;
				SWIFT_ACTIVE_COMPILATION_CONDITIONS = "DEBUG $(inherited)";
				SWIFT_OPTIMIZATION_LEVEL = "-Onone";
			};
			name = Debug;
		};
		CA2503C92C8F9ED1000ED2DD /* Release */ = {
			isa = XCBuildConfiguration;
			buildSettings = {
				ALWAYS_SEARCH_USER_PATHS = NO;
				ASSETCATALOG_COMPILER_GENERATE_SWIFT_ASSET_SYMBOL_EXTENSIONS = YES;
				CLANG_ANALYZER_NONNULL = YES;
				CLANG_ANALYZER_NUMBER_OBJECT_CONVERSION = YES_AGGRESSIVE;
				CLANG_CXX_LANGUAGE_STANDARD = "gnu++20";
				CLANG_ENABLE_MODULES = YES;
				CLANG_ENABLE_OBJC_ARC = YES;
				CLANG_ENABLE_OBJC_WEAK = YES;
				CLANG_WARN_BLOCK_CAPTURE_AUTORELEASING = YES;
				CLANG_WARN_BOOL_CONVERSION = YES;
				CLANG_WARN_COMMA = YES;
				CLANG_WARN_CONSTANT_CONVERSION = YES;
				CLANG_WARN_DEPRECATED_OBJC_IMPLEMENTATIONS = YES;
				CLANG_WARN_DIRECT_OBJC_ISA_USAGE = YES_ERROR;
				CLANG_WARN_DOCUMENTATION_COMMENTS = YES;
				CLANG_WARN_EMPTY_BODY = YES;
				CLANG_WARN_ENUM_CONVERSION = YES;
				CLANG_WARN_INFINITE_RECURSION = YES;
				CLANG_WARN_INT_CONVERSION = YES;
				CLANG_WARN_NON_LITERAL_NULL_CONVERSION = YES;
				CLANG_WARN_OBJC_IMPLICIT_RETAIN_SELF = YES;
				CLANG_WARN_OBJC_LITERAL_CONVERSION = YES;
				CLANG_WARN_OBJC_ROOT_CLASS = YES_ERROR;
				CLANG_WARN_QUOTED_INCLUDE_IN_FRAMEWORK_HEADER = YES;
				CLANG_WARN_RANGE_LOOP_ANALYSIS = YES;
				CLANG_WARN_STRICT_PROTOTYPES = YES;
				CLANG_WARN_SUSPICIOUS_MOVE = YES;
				CLANG_WARN_UNGUARDED_AVAILABILITY = YES_AGGRESSIVE;
				CLANG_WARN_UNREACHABLE_CODE = YES;
				CLANG_WARN__DUPLICATE_METHOD_MATCH = YES;
				COPY_PHASE_STRIP = NO;
				DEBUG_INFORMATION_FORMAT = "dwarf-with-dsym";
				ENABLE_NS_ASSERTIONS = NO;
				ENABLE_STRICT_OBJC_MSGSEND = YES;
				ENABLE_USER_SCRIPT_SANDBOXING = YES;
				GCC_C_LANGUAGE_STANDARD = gnu17;
				GCC_NO_COMMON_BLOCKS = YES;
				GCC_WARN_64_TO_32_BIT_CONVERSION = YES;
				GCC_WARN_ABOUT_RETURN_TYPE = YES_ERROR;
				GCC_WARN_UNDECLARED_SELECTOR = YES;
				GCC_WARN_UNINITIALIZED_AUTOS = YES_AGGRESSIVE;
				GCC_WARN_UNUSED_FUNCTION = YES;
				GCC_WARN_UNUSED_VARIABLE = YES;
				IPHONEOS_DEPLOYMENT_TARGET = 16.0;
				LOCALIZATION_PREFERS_STRING_CATALOGS = YES;
				MTL_ENABLE_DEBUG_INFO = NO;
				MTL_FAST_MATH = YES;
				SDKROOT = iphoneos;
				SWIFT_COMPILATION_MODE = wholemodule;
				VALIDATE_PRODUCT = YES;
			};
			name = Release;
		};
		CA2503CB2C8F9ED1000ED2DD /* Debug */ = {
			isa = XCBuildConfiguration;
			buildSettings = {
				ASSETCATALOG_COMPILER_APPICON_NAME = AppIcon;
				ASSETCATALOG_COMPILER_GLOBAL_ACCENT_COLOR_NAME = AccentColor;
				CODE_SIGN_STYLE = Automatic;
				CURRENT_PROJECT_VERSION = 1;
				DEVELOPMENT_ASSET_PATHS = "\"Counter/Preview Content\"";
				DEVELOPMENT_TEAM = 93SMW9VKD8;
				ENABLE_PREVIEWS = YES;
				GENERATE_INFOPLIST_FILE = YES;
				INFOPLIST_FILE = Counter/Info.plist;
				INFOPLIST_KEY_UIApplicationSceneManifest_Generation = YES;
				INFOPLIST_KEY_UIApplicationSupportsIndirectInputEvents = YES;
				INFOPLIST_KEY_UILaunchScreen_Generation = YES;
				INFOPLIST_KEY_UISupportedInterfaceOrientations_iPad = "UIInterfaceOrientationPortrait UIInterfaceOrientationPortraitUpsideDown UIInterfaceOrientationLandscapeLeft UIInterfaceOrientationLandscapeRight";
				INFOPLIST_KEY_UISupportedInterfaceOrientations_iPhone = "UIInterfaceOrientationPortrait UIInterfaceOrientationLandscapeLeft UIInterfaceOrientationLandscapeRight";
				IPHONEOS_DEPLOYMENT_TARGET = 16.0;
				LD_RUNPATH_SEARCH_PATHS = (
					"$(inherited)",
					"@executable_path/Frameworks",
				);
				MARKETING_VERSION = 1.0;
				PRODUCT_BUNDLE_IDENTIFIER = com.wakwak.Counter;
				PRODUCT_NAME = "$(TARGET_NAME)";
				SWIFT_EMIT_LOC_STRINGS = YES;
				SWIFT_VERSION = 5.0;
				TARGETED_DEVICE_FAMILY = "1,2";
			};
			name = Debug;
		};
		CA2503CC2C8F9ED1000ED2DD /* Release */ = {
			isa = XCBuildConfiguration;
			buildSettings = {
				ASSETCATALOG_COMPILER_APPICON_NAME = AppIcon;
				ASSETCATALOG_COMPILER_GLOBAL_ACCENT_COLOR_NAME = AccentColor;
				CODE_SIGN_STYLE = Automatic;
				CURRENT_PROJECT_VERSION = 1;
				DEVELOPMENT_ASSET_PATHS = "\"Counter/Preview Content\"";
				DEVELOPMENT_TEAM = 93SMW9VKD8;
				ENABLE_PREVIEWS = YES;
				GENERATE_INFOPLIST_FILE = YES;
				INFOPLIST_FILE = Counter/Info.plist;
				INFOPLIST_KEY_UIApplicationSceneManifest_Generation = YES;
				INFOPLIST_KEY_UIApplicationSupportsIndirectInputEvents = YES;
				INFOPLIST_KEY_UILaunchScreen_Generation = YES;
				INFOPLIST_KEY_UISupportedInterfaceOrientations_iPad = "UIInterfaceOrientationPortrait UIInterfaceOrientationPortraitUpsideDown UIInterfaceOrientationLandscapeLeft UIInterfaceOrientationLandscapeRight";
				INFOPLIST_KEY_UISupportedInterfaceOrientations_iPhone = "UIInterfaceOrientationPortrait UIInterfaceOrientationLandscapeLeft UIInterfaceOrientationLandscapeRight";
				IPHONEOS_DEPLOYMENT_TARGET = 16.0;
				LD_RUNPATH_SEARCH_PATHS = (
					"$(inherited)",
					"@executable_path/Frameworks",
				);
				MARKETING_VERSION = 1.0;
				PRODUCT_BUNDLE_IDENTIFIER = com.wakwak.Counter;
				PRODUCT_NAME = "$(TARGET_NAME)";
				SWIFT_EMIT_LOC_STRINGS = YES;
				SWIFT_VERSION = 5.0;
				TARGETED_DEVICE_FAMILY = "1,2";
			};
			name = Release;
		};
		CA2503CE2C8F9ED1000ED2DD /* Debug */ = {
			isa = XCBuildConfiguration;
			buildSettings = {
				ALWAYS_EMBED_SWIFT_STANDARD_LIBRARIES = YES;
				BUNDLE_LOADER = "$(TEST_HOST)";
				CODE_SIGN_STYLE = Automatic;
				CURRENT_PROJECT_VERSION = 1;
				DEVELOPMENT_TEAM = 93SMW9VKD8;
				GENERATE_INFOPLIST_FILE = YES;
				IPHONEOS_DEPLOYMENT_TARGET = 17.5;
				MARKETING_VERSION = 1.0;
				PRODUCT_BUNDLE_IDENTIFIER = com.wakwak.CounterTests;
				PRODUCT_NAME = "$(TARGET_NAME)";
				SWIFT_EMIT_LOC_STRINGS = NO;
				SWIFT_VERSION = 5.0;
				TARGETED_DEVICE_FAMILY = "1,2";
				TEST_HOST = "$(BUILT_PRODUCTS_DIR)/Counter.app/$(BUNDLE_EXECUTABLE_FOLDER_PATH)/Counter";
			};
			name = Debug;
		};
		CA2503CF2C8F9ED1000ED2DD /* Release */ = {
			isa = XCBuildConfiguration;
			buildSettings = {
				ALWAYS_EMBED_SWIFT_STANDARD_LIBRARIES = YES;
				BUNDLE_LOADER = "$(TEST_HOST)";
				CODE_SIGN_STYLE = Automatic;
				CURRENT_PROJECT_VERSION = 1;
				DEVELOPMENT_TEAM = 93SMW9VKD8;
				GENERATE_INFOPLIST_FILE = YES;
				IPHONEOS_DEPLOYMENT_TARGET = 17.5;
				MARKETING_VERSION = 1.0;
				PRODUCT_BUNDLE_IDENTIFIER = com.wakwak.CounterTests;
				PRODUCT_NAME = "$(TARGET_NAME)";
				SWIFT_EMIT_LOC_STRINGS = NO;
				SWIFT_VERSION = 5.0;
				TARGETED_DEVICE_FAMILY = "1,2";
				TEST_HOST = "$(BUILT_PRODUCTS_DIR)/Counter.app/$(BUNDLE_EXECUTABLE_FOLDER_PATH)/Counter";
			};
			name = Release;
		};
		CA2503D12C8F9ED1000ED2DD /* Debug */ = {
			isa = XCBuildConfiguration;
			buildSettings = {
				ALWAYS_EMBED_SWIFT_STANDARD_LIBRARIES = YES;
				CODE_SIGN_STYLE = Automatic;
				CURRENT_PROJECT_VERSION = 1;
				DEVELOPMENT_TEAM = 93SMW9VKD8;
				GENERATE_INFOPLIST_FILE = YES;
				MARKETING_VERSION = 1.0;
				PRODUCT_BUNDLE_IDENTIFIER = com.wakwak.CounterUITests;
				PRODUCT_NAME = "$(TARGET_NAME)";
				SWIFT_EMIT_LOC_STRINGS = NO;
				SWIFT_VERSION = 5.0;
				TARGETED_DEVICE_FAMILY = "1,2";
				TEST_TARGET_NAME = Counter;
			};
			name = Debug;
		};
		CA2503D22C8F9ED1000ED2DD /* Release */ = {
			isa = XCBuildConfiguration;
			buildSettings = {
				ALWAYS_EMBED_SWIFT_STANDARD_LIBRARIES = YES;
				CODE_SIGN_STYLE = Automatic;
				CURRENT_PROJECT_VERSION = 1;
				DEVELOPMENT_TEAM = 93SMW9VKD8;
				GENERATE_INFOPLIST_FILE = YES;
				MARKETING_VERSION = 1.0;
				PRODUCT_BUNDLE_IDENTIFIER = com.wakwak.CounterUITests;
				PRODUCT_NAME = "$(TARGET_NAME)";
				SWIFT_EMIT_LOC_STRINGS = NO;
				SWIFT_VERSION = 5.0;
				TARGETED_DEVICE_FAMILY = "1,2";
				TEST_TARGET_NAME = Counter;
			};
			name = Release;
		};
/* End XCBuildConfiguration section */

/* Begin XCConfigurationList section */
		CA2503A12C8F9ECF000ED2DD /* Build configuration list for PBXProject "Counter" */ = {
			isa = XCConfigurationList;
			buildConfigurations = (
				CA2503C82C8F9ED1000ED2DD /* Debug */,
				CA2503C92C8F9ED1000ED2DD /* Release */,
			);
			defaultConfigurationIsVisible = 0;
			defaultConfigurationName = Release;
		};
		CA2503CA2C8F9ED1000ED2DD /* Build configuration list for PBXNativeTarget "Counter" */ = {
			isa = XCConfigurationList;
			buildConfigurations = (
				CA2503CB2C8F9ED1000ED2DD /* Debug */,
				CA2503CC2C8F9ED1000ED2DD /* Release */,
			);
			defaultConfigurationIsVisible = 0;
			defaultConfigurationName = Release;
		};
		CA2503CD2C8F9ED1000ED2DD /* Build configuration list for PBXNativeTarget "CounterTests" */ = {
			isa = XCConfigurationList;
			buildConfigurations = (
				CA2503CE2C8F9ED1000ED2DD /* Debug */,
				CA2503CF2C8F9ED1000ED2DD /* Release */,
			);
			defaultConfigurationIsVisible = 0;
			defaultConfigurationName = Release;
		};
		CA2503D02C8F9ED1000ED2DD /* Build configuration list for PBXNativeTarget "CounterUITests" */ = {
			isa = XCConfigurationList;
			buildConfigurations = (
				CA2503D12C8F9ED1000ED2DD /* Debug */,
				CA2503D22C8F9ED1000ED2DD /* Release */,
			);
			defaultConfigurationIsVisible = 0;
			defaultConfigurationName = Release;
		};
/* End XCConfigurationList section */

/* Begin XCRemoteSwiftPackageReference section */
		CA4DB1502C8FA80600426BDC /* XCRemoteSwiftPackageReference "swift-composable-architecture" */ = {
			isa = XCRemoteSwiftPackageReference;
			repositoryURL = "https://github.com/pointfreeco/swift-composable-architecture";
			requirement = {
				kind = upToNextMajorVersion;
				minimumVersion = 1.14.0;
			};
		};
/* End XCRemoteSwiftPackageReference section */

/* Begin XCSwiftPackageProductDependency section */
		CA44A6462C8FA9AF00E2BC41 /* ComposableArchitecture */ = {
			isa = XCSwiftPackageProductDependency;
			package = CA4DB1502C8FA80600426BDC /* XCRemoteSwiftPackageReference "swift-composable-architecture" */;
			productName = ComposableArchitecture;
		};
/* End XCSwiftPackageProductDependency section */
	};
	rootObject = CA25039E2C8F9ECF000ED2DD /* Project object */;
}
